// !$*UTF8*$!
{
	archiveVersion = 1;
	classes = {
	};
	objectVersion = 56;
	objects = {

/* Begin PBXBuildFile section */
		BA405FE92A66CE5A00578EF3 /* ThemeView.swift in Sources */ = {isa = PBXBuildFile; fileRef = BA405FE82A66CE5A00578EF3 /* ThemeView.swift */; };
		BA405FEB2A66CE5A00578EF3 /* ThemePicker.swift in Sources */ = {isa = PBXBuildFile; fileRef = BA405FEA2A66CE5A00578EF3 /* ThemePicker.swift */; };
		BA44A2362A64BE89008F219C /* ScrumdingerApp.swift in Sources */ = {isa = PBXBuildFile; fileRef = BA44A2352A64BE89008F219C /* ScrumdingerApp.swift */; };
		BA44A2382A64BE89008F219C /* MeetingView.swift in Sources */ = {isa = PBXBuildFile; fileRef = BA44A2372A64BE89008F219C /* MeetingView.swift */; };
		BA44A23A2A64BEB5008F219C /* Assets.xcassets in Resources */ = {isa = PBXBuildFile; fileRef = BA44A2392A64BEB5008F219C /* Assets.xcassets */; };
		BA44A23D2A64BEB5008F219C /* Preview Assets.xcassets in Resources */ = {isa = PBXBuildFile; fileRef = BA44A23C2A64BEB5008F219C /* Preview Assets.xcassets */; };
		BA44A2472A64DBCE008F219C /* Theme.swift in Sources */ = {isa = PBXBuildFile; fileRef = BA44A2462A64DBCE008F219C /* Theme.swift */; };
		BA44A2492A654085008F219C /* DailyScrum.swift in Sources */ = {isa = PBXBuildFile; fileRef = BA44A2482A654085008F219C /* DailyScrum.swift */; };
		BA44A24B2A6544EA008F219C /* CardView.swift in Sources */ = {isa = PBXBuildFile; fileRef = BA44A24A2A6544EA008F219C /* CardView.swift */; };
		BA44A24D2A65482A008F219C /* TrailingIcon.swift in Sources */ = {isa = PBXBuildFile; fileRef = BA44A24C2A65482A008F219C /* TrailingIcon.swift */; };
		BA5A16482A6552F600766CD5 /* ScrumsView.swift in Sources */ = {isa = PBXBuildFile; fileRef = BA5A16472A6552F600766CD5 /* ScrumsView.swift */; };
		BA76A5112A6857AC00FB7990 /* SpeechRecognizer.swift in Sources */ = {isa = PBXBuildFile; fileRef = BA76A5102A6857AB00FB7990 /* SpeechRecognizer.swift */; };
		BA76A5132A685AC600FB7990 /* HistoryView.swift in Sources */ = {isa = PBXBuildFile; fileRef = BA76A5122A685AC600FB7990 /* HistoryView.swift */; };
		BAA81F962A67337900BCF265 /* MeetingHeaderView.swift in Sources */ = {isa = PBXBuildFile; fileRef = BAA81F952A67335F00BCF265 /* MeetingHeaderView.swift */; };
		BAA81F982A67374400BCF265 /* ScrumProgressViewStyle.swift in Sources */ = {isa = PBXBuildFile; fileRef = BAA81F972A67374400BCF265 /* ScrumProgressViewStyle.swift */; };
		BAA81F9A2A67397700BCF265 /* ScrumTimer.swift in Sources */ = {isa = PBXBuildFile; fileRef = BAA81F992A67397700BCF265 /* ScrumTimer.swift */; };
		BAA81F9C2A67E5B900BCF265 /* MeetingFooterView.swift in Sources */ = {isa = PBXBuildFile; fileRef = BAA81F9B2A67E5B900BCF265 /* MeetingFooterView.swift */; };
		BAA81F9E2A67EABD00BCF265 /* AVPlayer+Ding.swift in Sources */ = {isa = PBXBuildFile; fileRef = BAA81F9D2A67EABD00BCF265 /* AVPlayer+Ding.swift */; };
		BAA81FA12A67EC4F00BCF265 /* ding.wav in Resources */ = {isa = PBXBuildFile; fileRef = BAA81FA02A67EC4F00BCF265 /* ding.wav */; };
		BAA81FA32A67EEF600BCF265 /* NewScrumSheet.swift in Sources */ = {isa = PBXBuildFile; fileRef = BAA81FA22A67EEF600BCF265 /* NewScrumSheet.swift */; };
		BAA81FA72A67F27500BCF265 /* History.swift in Sources */ = {isa = PBXBuildFile; fileRef = BAA81FA62A67F27500BCF265 /* History.swift */; };
		BAA81FAA2A6819D600BCF265 /* ScrumStore.swift in Sources */ = {isa = PBXBuildFile; fileRef = BAA81FA92A6819D600BCF265 /* ScrumStore.swift */; };
		BAA81FAC2A6819D600BCF265 /* ErrorWrapper.swift in Sources */ = {isa = PBXBuildFile; fileRef = BAA81FAB2A6819D600BCF265 /* ErrorWrapper.swift */; };
		BAA81FB02A6819D600BCF265 /* ErrorView.swift in Sources */ = {isa = PBXBuildFile; fileRef = BAA81FAF2A6819D600BCF265 /* ErrorView.swift */; };
		BAA81FB22A682F1800BCF265 /* MeetingTimerView.swift in Sources */ = {isa = PBXBuildFile; fileRef = BAA81FB12A682F1800BCF265 /* MeetingTimerView.swift */; };
		BAA81FB42A682F1800BCF265 /* SpeakerArc.swift in Sources */ = {isa = PBXBuildFile; fileRef = BAA81FB32A682F1800BCF265 /* SpeakerArc.swift */; };
		BAB817622A65947A004D2E07 /* DetailEditView.swift in Sources */ = {isa = PBXBuildFile; fileRef = BAB817612A65947A004D2E07 /* DetailEditView.swift */; };
		BAF455F52A65D11600FF7C21 /* DetailView.swift in Sources */ = {isa = PBXBuildFile; fileRef = BAF455F42A65D11600FF7C21 /* DetailView.swift */; };
/* End PBXBuildFile section */

/* Begin PBXFileReference section */
		BA405FE82A66CE5A00578EF3 /* ThemeView.swift */ = {isa = PBXFileReference; lastKnownFileType = sourcecode.swift; path = ThemeView.swift; sourceTree = "<group>"; };
		BA405FEA2A66CE5A00578EF3 /* ThemePicker.swift */ = {isa = PBXFileReference; lastKnownFileType = sourcecode.swift; path = ThemePicker.swift; sourceTree = "<group>"; };
		BA44A2322A64BE89008F219C /* Scrumdinger.app */ = {isa = PBXFileReference; explicitFileType = wrapper.application; includeInIndex = 0; path = Scrumdinger.app; sourceTree = BUILT_PRODUCTS_DIR; };
		BA44A2352A64BE89008F219C /* ScrumdingerApp.swift */ = {isa = PBXFileReference; lastKnownFileType = sourcecode.swift; path = ScrumdingerApp.swift; sourceTree = "<group>"; };
		BA44A2372A64BE89008F219C /* MeetingView.swift */ = {isa = PBXFileReference; lastKnownFileType = sourcecode.swift; path = MeetingView.swift; sourceTree = "<group>"; };
		BA44A2392A64BEB5008F219C /* Assets.xcassets */ = {isa = PBXFileReference; lastKnownFileType = folder.assetcatalog; path = Assets.xcassets; sourceTree = "<group>"; };
		BA44A23C2A64BEB5008F219C /* Preview Assets.xcassets */ = {isa = PBXFileReference; lastKnownFileType = folder.assetcatalog; path = "Preview Assets.xcassets"; sourceTree = "<group>"; };
		BA44A2462A64DBCE008F219C /* Theme.swift */ = {isa = PBXFileReference; lastKnownFileType = sourcecode.swift; path = Theme.swift; sourceTree = "<group>"; };
		BA44A2482A654085008F219C /* DailyScrum.swift */ = {isa = PBXFileReference; lastKnownFileType = sourcecode.swift; path = DailyScrum.swift; sourceTree = "<group>"; };
		BA44A24A2A6544EA008F219C /* CardView.swift */ = {isa = PBXFileReference; lastKnownFileType = sourcecode.swift; path = CardView.swift; sourceTree = "<group>"; };
		BA44A24C2A65482A008F219C /* TrailingIcon.swift */ = {isa = PBXFileReference; lastKnownFileType = sourcecode.swift; path = TrailingIcon.swift; sourceTree = "<group>"; };
		BA5A16472A6552F600766CD5 /* ScrumsView.swift */ = {isa = PBXFileReference; lastKnownFileType = sourcecode.swift; path = ScrumsView.swift; sourceTree = "<group>"; };
		BA76A5102A6857AB00FB7990 /* SpeechRecognizer.swift */ = {isa = PBXFileReference; lastKnownFileType = sourcecode.swift; path = SpeechRecognizer.swift; sourceTree = "<group>"; };
		BA76A5122A685AC600FB7990 /* HistoryView.swift */ = {isa = PBXFileReference; lastKnownFileType = sourcecode.swift; path = HistoryView.swift; sourceTree = "<group>"; };
		BAA81F952A67335F00BCF265 /* MeetingHeaderView.swift */ = {isa = PBXFileReference; lastKnownFileType = sourcecode.swift; path = MeetingHeaderView.swift; sourceTree = "<group>"; };
		BAA81F972A67374400BCF265 /* ScrumProgressViewStyle.swift */ = {isa = PBXFileReference; fileEncoding = 4; lastKnownFileType = sourcecode.swift; path = ScrumProgressViewStyle.swift; sourceTree = "<group>"; };
		BAA81F992A67397700BCF265 /* ScrumTimer.swift */ = {isa = PBXFileReference; fileEncoding = 4; lastKnownFileType = sourcecode.swift; path = ScrumTimer.swift; sourceTree = "<group>"; };
		BAA81F9B2A67E5B900BCF265 /* MeetingFooterView.swift */ = {isa = PBXFileReference; lastKnownFileType = sourcecode.swift; path = MeetingFooterView.swift; sourceTree = "<group>"; };
		BAA81F9D2A67EABD00BCF265 /* AVPlayer+Ding.swift */ = {isa = PBXFileReference; fileEncoding = 4; lastKnownFileType = sourcecode.swift; path = "AVPlayer+Ding.swift"; sourceTree = "<group>"; };
		BAA81FA02A67EC4F00BCF265 /* ding.wav */ = {isa = PBXFileReference; lastKnownFileType = audio.wav; path = ding.wav; sourceTree = "<group>"; };
		BAA81FA22A67EEF600BCF265 /* NewScrumSheet.swift */ = {isa = PBXFileReference; lastKnownFileType = sourcecode.swift; path = NewScrumSheet.swift; sourceTree = "<group>"; };
		BAA81FA62A67F27500BCF265 /* History.swift */ = {isa = PBXFileReference; lastKnownFileType = sourcecode.swift; path = History.swift; sourceTree = "<group>"; };
		BAA81FA92A6819D600BCF265 /* ScrumStore.swift */ = {isa = PBXFileReference; lastKnownFileType = sourcecode.swift; path = ScrumStore.swift; sourceTree = "<group>"; };
		BAA81FAB2A6819D600BCF265 /* ErrorWrapper.swift */ = {isa = PBXFileReference; lastKnownFileType = sourcecode.swift; path = ErrorWrapper.swift; sourceTree = "<group>"; };
		BAA81FAF2A6819D600BCF265 /* ErrorView.swift */ = {isa = PBXFileReference; lastKnownFileType = sourcecode.swift; path = ErrorView.swift; sourceTree = "<group>"; };
		BAA81FB12A682F1800BCF265 /* MeetingTimerView.swift */ = {isa = PBXFileReference; lastKnownFileType = sourcecode.swift; path = MeetingTimerView.swift; sourceTree = "<group>"; };
		BAA81FB32A682F1800BCF265 /* SpeakerArc.swift */ = {isa = PBXFileReference; lastKnownFileType = sourcecode.swift; path = SpeakerArc.swift; sourceTree = "<group>"; };
		BAB817612A65947A004D2E07 /* DetailEditView.swift */ = {isa = PBXFileReference; lastKnownFileType = sourcecode.swift; path = DetailEditView.swift; sourceTree = "<group>"; };
		BAF455F42A65D11600FF7C21 /* DetailView.swift */ = {isa = PBXFileReference; lastKnownFileType = sourcecode.swift; path = DetailView.swift; sourceTree = "<group>"; };
/* End PBXFileReference section */

/* Begin PBXFrameworksBuildPhase section */
		BA44A22F2A64BE89008F219C /* Frameworks */ = {
			isa = PBXFrameworksBuildPhase;
			buildActionMask = 2147483647;
			files = (
			);
			runOnlyForDeploymentPostprocessing = 0;
		};
/* End PBXFrameworksBuildPhase section */

/* Begin PBXGroup section */
		BA44A2292A64BE89008F219C = {
			isa = PBXGroup;
			children = (
				BA44A2342A64BE89008F219C /* Scrumdinger */,
				BA44A2332A64BE89008F219C /* Products */,
			);
			sourceTree = "<group>";
		};
		BA44A2332A64BE89008F219C /* Products */ = {
			isa = PBXGroup;
			children = (
				BA44A2322A64BE89008F219C /* Scrumdinger.app */,
			);
			name = Products;
			sourceTree = "<group>";
		};
		BA44A2342A64BE89008F219C /* Scrumdinger */ = {
			isa = PBXGroup;
			children = (
				BA44A2352A64BE89008F219C /* ScrumdingerApp.swift */,
				BAA81FA82A6819D600BCF265 /* Views */,
				BA44A2432A64DB6A008F219C /* Models */,
				BAA81F9F2A67EC4F00BCF265 /* Resources */,
				BA44A2392A64BEB5008F219C /* Assets.xcassets */,
				BA44A23B2A64BEB5008F219C /* Preview Content */,
			);
			path = Scrumdinger;
			sourceTree = "<group>";
		};
		BA44A23B2A64BEB5008F219C /* Preview Content */ = {
			isa = PBXGroup;
			children = (
				BA44A23C2A64BEB5008F219C /* Preview Assets.xcassets */,
			);
			path = "Preview Content";
			sourceTree = "<group>";
		};
		BA44A2432A64DB6A008F219C /* Models */ = {
			isa = PBXGroup;
			children = (
				BAA81F9D2A67EABD00BCF265 /* AVPlayer+Ding.swift */,
				BAA81F992A67397700BCF265 /* ScrumTimer.swift */,
				BA44A2462A64DBCE008F219C /* Theme.swift */,
				BA44A2482A654085008F219C /* DailyScrum.swift */,
				BAA81FA62A67F27500BCF265 /* History.swift */,
				BAA81FA92A6819D600BCF265 /* ScrumStore.swift */,
				BAA81FAB2A6819D600BCF265 /* ErrorWrapper.swift */,
				BA76A5102A6857AB00FB7990 /* SpeechRecognizer.swift */,
			);
			path = Models;
			sourceTree = "<group>";
		};
		BAA81F9F2A67EC4F00BCF265 /* Resources */ = {
			isa = PBXGroup;
			children = (
				BAA81FA02A67EC4F00BCF265 /* ding.wav */,
			);
			path = Resources;
			sourceTree = "<group>";
		};
		BAA81FA82A6819D600BCF265 /* Views */ = {
			isa = PBXGroup;
			children = (
				BAA81F972A67374400BCF265 /* ScrumProgressViewStyle.swift */,
				BA405FEA2A66CE5A00578EF3 /* ThemePicker.swift */,
				BA44A24C2A65482A008F219C /* TrailingIcon.swift */,
				BAA81FA22A67EEF600BCF265 /* NewScrumSheet.swift */,
				BA44A24A2A6544EA008F219C /* CardView.swift */,
				BA5A16472A6552F600766CD5 /* ScrumsView.swift */,
				BAB817612A65947A004D2E07 /* DetailEditView.swift */,
				BAF455F42A65D11600FF7C21 /* DetailView.swift */,
				BA405FE82A66CE5A00578EF3 /* ThemeView.swift */,
				BA44A2372A64BE89008F219C /* MeetingView.swift */,
				BAA81F952A67335F00BCF265 /* MeetingHeaderView.swift */,
				BAA81F9B2A67E5B900BCF265 /* MeetingFooterView.swift */,
				BAA81FAF2A6819D600BCF265 /* ErrorView.swift */,
				BAA81FB12A682F1800BCF265 /* MeetingTimerView.swift */,
				BAA81FB32A682F1800BCF265 /* SpeakerArc.swift */,
				BA76A5122A685AC600FB7990 /* HistoryView.swift */,
			);
			path = Views;
			sourceTree = "<group>";
		};
/* End PBXGroup section */

/* Begin PBXNativeTarget section */
		BA44A2312A64BE89008F219C /* Scrumdinger */ = {
			isa = PBXNativeTarget;
			buildConfigurationList = BA44A2402A64BEB5008F219C /* Build configuration list for PBXNativeTarget "Scrumdinger" */;
			buildPhases = (
				BA44A22E2A64BE89008F219C /* Sources */,
				BA44A22F2A64BE89008F219C /* Frameworks */,
				BA44A2302A64BE89008F219C /* Resources */,
			);
			buildRules = (
			);
			dependencies = (
			);
			name = Scrumdinger;
			productName = Scrumdinger;
			productReference = BA44A2322A64BE89008F219C /* Scrumdinger.app */;
			productType = "com.apple.product-type.application";
		};
/* End PBXNativeTarget section */

/* Begin PBXProject section */
		BA44A22A2A64BE89008F219C /* Project object */ = {
			isa = PBXProject;
			attributes = {
				BuildIndependentTargetsInParallel = 1;
				LastSwiftUpdateCheck = 1430;
				LastUpgradeCheck = 1430;
				TargetAttributes = {
					BA44A2312A64BE89008F219C = {
						CreatedOnToolsVersion = 14.3.1;
					};
				};
			};
			buildConfigurationList = BA44A22D2A64BE89008F219C /* Build configuration list for PBXProject "Scrumdinger" */;
			compatibilityVersion = "Xcode 14.0";
			developmentRegion = en;
			hasScannedForEncodings = 0;
			knownRegions = (
				en,
				Base,
			);
			mainGroup = BA44A2292A64BE89008F219C;
			productRefGroup = BA44A2332A64BE89008F219C /* Products */;
			projectDirPath = "";
			projectRoot = "";
			targets = (
				BA44A2312A64BE89008F219C /* Scrumdinger */,
			);
		};
/* End PBXProject section */

/* Begin PBXResourcesBuildPhase section */
		BA44A2302A64BE89008F219C /* Resources */ = {
			isa = PBXResourcesBuildPhase;
			buildActionMask = 2147483647;
			files = (
				BAA81FA12A67EC4F00BCF265 /* ding.wav in Resources */,
				BA44A23D2A64BEB5008F219C /* Preview Assets.xcassets in Resources */,
				BA44A23A2A64BEB5008F219C /* Assets.xcassets in Resources */,
			);
			runOnlyForDeploymentPostprocessing = 0;
		};
/* End PBXResourcesBuildPhase section */

/* Begin PBXSourcesBuildPhase section */
		BA44A22E2A64BE89008F219C /* Sources */ = {
			isa = PBXSourcesBuildPhase;
			buildActionMask = 2147483647;
			files = (
				BAA81FA72A67F27500BCF265 /* History.swift in Sources */,
				BA405FEB2A66CE5A00578EF3 /* ThemePicker.swift in Sources */,
				BAA81F982A67374400BCF265 /* ScrumProgressViewStyle.swift in Sources */,
				BAA81F9C2A67E5B900BCF265 /* MeetingFooterView.swift in Sources */,
				BAA81FB42A682F1800BCF265 /* SpeakerArc.swift in Sources */,
				BAA81FB02A6819D600BCF265 /* ErrorView.swift in Sources */,
				BAA81F9A2A67397700BCF265 /* ScrumTimer.swift in Sources */,
				BA76A5132A685AC600FB7990 /* HistoryView.swift in Sources */,
				BAA81FB22A682F1800BCF265 /* MeetingTimerView.swift in Sources */,
				BA44A2492A654085008F219C /* DailyScrum.swift in Sources */,
				BAA81FAA2A6819D600BCF265 /* ScrumStore.swift in Sources */,
				BAF455F52A65D11600FF7C21 /* DetailView.swift in Sources */,
				BAA81FAC2A6819D600BCF265 /* ErrorWrapper.swift in Sources */,
				BAA81F962A67337900BCF265 /* MeetingHeaderView.swift in Sources */,
				BA44A2472A64DBCE008F219C /* Theme.swift in Sources */,
				BAA81FA32A67EEF600BCF265 /* NewScrumSheet.swift in Sources */,
				BA44A2382A64BE89008F219C /* MeetingView.swift in Sources */,
				BA5A16482A6552F600766CD5 /* ScrumsView.swift in Sources */,
				BA76A5112A6857AC00FB7990 /* SpeechRecognizer.swift in Sources */,
				BAB817622A65947A004D2E07 /* DetailEditView.swift in Sources */,
				BA44A2362A64BE89008F219C /* ScrumdingerApp.swift in Sources */,
				BA44A24D2A65482A008F219C /* TrailingIcon.swift in Sources */,
				BA405FE92A66CE5A00578EF3 /* ThemeView.swift in Sources */,
				BA44A24B2A6544EA008F219C /* CardView.swift in Sources */,
				BAA81F9E2A67EABD00BCF265 /* AVPlayer+Ding.swift in Sources */,
			);
			runOnlyForDeploymentPostprocessing = 0;
		};
/* End PBXSourcesBuildPhase section */

/* Begin XCBuildConfiguration section */
		BA44A23E2A64BEB5008F219C /* Debug */ = {
			isa = XCBuildConfiguration;
			buildSettings = {
				ALWAYS_SEARCH_USER_PATHS = NO;
				CLANG_ANALYZER_NONNULL = YES;
				CLANG_ANALYZER_NUMBER_OBJECT_CONVERSION = YES_AGGRESSIVE;
				CLANG_CXX_LANGUAGE_STANDARD = "gnu++20";
				CLANG_ENABLE_MODULES = YES;
				CLANG_ENABLE_OBJC_ARC = YES;
				CLANG_ENABLE_OBJC_WEAK = YES;
				CLANG_WARN_BLOCK_CAPTURE_AUTORELEASING = YES;
				CLANG_WARN_BOOL_CONVERSION = YES;
				CLANG_WARN_COMMA = YES;
				CLANG_WARN_CONSTANT_CONVERSION = YES;
				CLANG_WARN_DEPRECATED_OBJC_IMPLEMENTATIONS = YES;
				CLANG_WARN_DIRECT_OBJC_ISA_USAGE = YES_ERROR;
				CLANG_WARN_DOCUMENTATION_COMMENTS = YES;
				CLANG_WARN_EMPTY_BODY = YES;
				CLANG_WARN_ENUM_CONVERSION = YES;
				CLANG_WARN_INFINITE_RECURSION = YES;
				CLANG_WARN_INT_CONVERSION = YES;
				CLANG_WARN_NON_LITERAL_NULL_CONVERSION = YES;
				CLANG_WARN_OBJC_IMPLICIT_RETAIN_SELF = YES;
				CLANG_WARN_OBJC_LITERAL_CONVERSION = YES;
				CLANG_WARN_OBJC_ROOT_CLASS = YES_ERROR;
				CLANG_WARN_QUOTED_INCLUDE_IN_FRAMEWORK_HEADER = YES;
				CLANG_WARN_RANGE_LOOP_ANALYSIS = YES;
				CLANG_WARN_STRICT_PROTOTYPES = YES;
				CLANG_WARN_SUSPICIOUS_MOVE = YES;
				CLANG_WARN_UNGUARDED_AVAILABILITY = YES_AGGRESSIVE;
				CLANG_WARN_UNREACHABLE_CODE = YES;
				CLANG_WARN__DUPLICATE_METHOD_MATCH = YES;
				COPY_PHASE_STRIP = NO;
				DEBUG_INFORMATION_FORMAT = dwarf;
				ENABLE_STRICT_OBJC_MSGSEND = YES;
				ENABLE_TESTABILITY = YES;
				GCC_C_LANGUAGE_STANDARD = gnu11;
				GCC_DYNAMIC_NO_PIC = NO;
				GCC_NO_COMMON_BLOCKS = YES;
				GCC_OPTIMIZATION_LEVEL = 0;
				GCC_PREPROCESSOR_DEFINITIONS = (
					"DEBUG=1",
					"$(inherited)",
				);
				GCC_WARN_64_TO_32_BIT_CONVERSION = YES;
				GCC_WARN_ABOUT_RETURN_TYPE = YES_ERROR;
				GCC_WARN_UNDECLARED_SELECTOR = YES;
				GCC_WARN_UNINITIALIZED_AUTOS = YES_AGGRESSIVE;
				GCC_WARN_UNUSED_FUNCTION = YES;
				GCC_WARN_UNUSED_VARIABLE = YES;
				IPHONEOS_DEPLOYMENT_TARGET = 16.4;
				MTL_ENABLE_DEBUG_INFO = INCLUDE_SOURCE;
				MTL_FAST_MATH = YES;
				ONLY_ACTIVE_ARCH = YES;
				SDKROOT = iphoneos;
				SWIFT_ACTIVE_COMPILATION_CONDITIONS = DEBUG;
				SWIFT_OPTIMIZATION_LEVEL = "-Onone";
			};
			name = Debug;
		};
		BA44A23F2A64BEB5008F219C /* Release */ = {
			isa = XCBuildConfiguration;
			buildSettings = {
				ALWAYS_SEARCH_USER_PATHS = NO;
				CLANG_ANALYZER_NONNULL = YES;
				CLANG_ANALYZER_NUMBER_OBJECT_CONVERSION = YES_AGGRESSIVE;
				CLANG_CXX_LANGUAGE_STANDARD = "gnu++20";
				CLANG_ENABLE_MODULES = YES;
				CLANG_ENABLE_OBJC_ARC = YES;
				CLANG_ENABLE_OBJC_WEAK = YES;
				CLANG_WARN_BLOCK_CAPTURE_AUTORELEASING = YES;
				CLANG_WARN_BOOL_CONVERSION = YES;
				CLANG_WARN_COMMA = YES;
				CLANG_WARN_CONSTANT_CONVERSION = YES;
				CLANG_WARN_DEPRECATED_OBJC_IMPLEMENTATIONS = YES;
				CLANG_WARN_DIRECT_OBJC_ISA_USAGE = YES_ERROR;
				CLANG_WARN_DOCUMENTATION_COMMENTS = YES;
				CLANG_WARN_EMPTY_BODY = YES;
				CLANG_WARN_ENUM_CONVERSION = YES;
				CLANG_WARN_INFINITE_RECURSION = YES;
				CLANG_WARN_INT_CONVERSION = YES;
				CLANG_WARN_NON_LITERAL_NULL_CONVERSION = YES;
				CLANG_WARN_OBJC_IMPLICIT_RETAIN_SELF = YES;
				CLANG_WARN_OBJC_LITERAL_CONVERSION = YES;
				CLANG_WARN_OBJC_ROOT_CLASS = YES_ERROR;
				CLANG_WARN_QUOTED_INCLUDE_IN_FRAMEWORK_HEADER = YES;
				CLANG_WARN_RANGE_LOOP_ANALYSIS = YES;
				CLANG_WARN_STRICT_PROTOTYPES = YES;
				CLANG_WARN_SUSPICIOUS_MOVE = YES;
				CLANG_WARN_UNGUARDED_AVAILABILITY = YES_AGGRESSIVE;
				CLANG_WARN_UNREACHABLE_CODE = YES;
				CLANG_WARN__DUPLICATE_METHOD_MATCH = YES;
				COPY_PHASE_STRIP = NO;
				DEBUG_INFORMATION_FORMAT = "dwarf-with-dsym";
				ENABLE_NS_ASSERTIONS = NO;
				ENABLE_STRICT_OBJC_MSGSEND = YES;
				GCC_C_LANGUAGE_STANDARD = gnu11;
				GCC_NO_COMMON_BLOCKS = YES;
				GCC_WARN_64_TO_32_BIT_CONVERSION = YES;
				GCC_WARN_ABOUT_RETURN_TYPE = YES_ERROR;
				GCC_WARN_UNDECLARED_SELECTOR = YES;
				GCC_WARN_UNINITIALIZED_AUTOS = YES_AGGRESSIVE;
				GCC_WARN_UNUSED_FUNCTION = YES;
				GCC_WARN_UNUSED_VARIABLE = YES;
				IPHONEOS_DEPLOYMENT_TARGET = 16.4;
				MTL_ENABLE_DEBUG_INFO = NO;
				MTL_FAST_MATH = YES;
				SDKROOT = iphoneos;
				SWIFT_COMPILATION_MODE = wholemodule;
				SWIFT_OPTIMIZATION_LEVEL = "-O";
				VALIDATE_PRODUCT = YES;
			};
			name = Release;
		};
		BA44A2412A64BEB5008F219C /* Debug */ = {
			isa = XCBuildConfiguration;
			buildSettings = {
				ASSETCATALOG_COMPILER_APPICON_NAME = AppIcon;
				ASSETCATALOG_COMPILER_GLOBAL_ACCENT_COLOR_NAME = AccentColor;
				CODE_SIGN_STYLE = Automatic;
				CURRENT_PROJECT_VERSION = 1;
				DEVELOPMENT_ASSET_PATHS = "\"Scrumdinger/Preview Content\"";
				ENABLE_PREVIEWS = YES;
				GENERATE_INFOPLIST_FILE = YES;
				INFOPLIST_FILE = Scrumdinger/Info.plist;
				INFOPLIST_KEY_NSMicrophoneUsageDescription = "Audio is recorded to transcribe the meeting. Audio recordings are discarded after transcription.";
				INFOPLIST_KEY_NSSpeechRecognitionUsageDescription = "";
				INFOPLIST_KEY_UIApplicationSceneManifest_Generation = YES;
				INFOPLIST_KEY_UIApplicationSupportsIndirectInputEvents = YES;
				INFOPLIST_KEY_UILaunchScreen_Generation = YES;
				INFOPLIST_KEY_UISupportedInterfaceOrientations_iPad = "UIInterfaceOrientationPortrait UIInterfaceOrientationPortraitUpsideDown UIInterfaceOrientationLandscapeLeft UIInterfaceOrientationLandscapeRight";
				INFOPLIST_KEY_UISupportedInterfaceOrientations_iPhone = "UIInterfaceOrientationPortrait UIInterfaceOrientationLandscapeLeft UIInterfaceOrientationLandscapeRight";
				LD_RUNPATH_SEARCH_PATHS = (
					"$(inherited)",
					"@executable_path/Frameworks",
				);
				MARKETING_VERSION = 1.0;
				PRODUCT_BUNDLE_IDENTIFIER = com.muhammadmuzamal.Scrumdinger;
				PRODUCT_NAME = "$(TARGET_NAME)";
				SWIFT_EMIT_LOC_STRINGS = YES;
				SWIFT_VERSION = 5.0;
				TARGETED_DEVICE_FAMILY = "1,2";
			};
			name = Debug;
		};
		BA44A2422A64BEB5008F219C /* Release */ = {
			isa = XCBuildConfiguration;
			buildSettings = {
				ASSETCATALOG_COMPILER_APPICON_NAME = AppIcon;
				ASSETCATALOG_COMPILER_GLOBAL_ACCENT_COLOR_NAME = AccentColor;
				CODE_SIGN_STYLE = Automatic;
				CURRENT_PROJECT_VERSION = 1;
				DEVELOPMENT_ASSET_PATHS = "\"Scrumdinger/Preview Content\"";
				ENABLE_PREVIEWS = YES;
				GENERATE_INFOPLIST_FILE = YES;
				INFOPLIST_FILE = Scrumdinger/Info.plist;
				INFOPLIST_KEY_NSMicrophoneUsageDescription = "Audio is recorded to transcribe the meeting. Audio recordings are discarded after transcription.";
				INFOPLIST_KEY_NSSpeechRecognitionUsageDescription = "";
				INFOPLIST_KEY_UIApplicationSceneManifest_Generation = YES;
				INFOPLIST_KEY_UIApplicationSupportsIndirectInputEvents = YES;
				INFOPLIST_KEY_UILaunchScreen_Generation = YES;
				INFOPLIST_KEY_UISupportedInterfaceOrientations_iPad = "UIInterfaceOrientationPortrait UIInterfaceOrientationPortraitUpsideDown UIInterfaceOrientationLandscapeLeft UIInterfaceOrientationLandscapeRight";
				INFOPLIST_KEY_UISupportedInterfaceOrientations_iPhone = "UIInterfaceOrientationPortrait UIInterfaceOrientationLandscapeLeft UIInterfaceOrientationLandscapeRight";
				LD_RUNPATH_SEARCH_PATHS = (
					"$(inherited)",
					"@executable_path/Frameworks",
				);
				MARKETING_VERSION = 1.0;
				PRODUCT_BUNDLE_IDENTIFIER = com.muhammadmuzamal.Scrumdinger;
				PRODUCT_NAME = "$(TARGET_NAME)";
				SWIFT_EMIT_LOC_STRINGS = YES;
				SWIFT_VERSION = 5.0;
				TARGETED_DEVICE_FAMILY = "1,2";
			};
			name = Release;
		};
/* End XCBuildConfiguration section */

/* Begin XCConfigurationList section */
		BA44A22D2A64BE89008F219C /* Build configuration list for PBXProject "Scrumdinger" */ = {
			isa = XCConfigurationList;
			buildConfigurations = (
				BA44A23E2A64BEB5008F219C /* Debug */,
				BA44A23F2A64BEB5008F219C /* Release */,
			);
			defaultConfigurationIsVisible = 0;
			defaultConfigurationName = Release;
		};
		BA44A2402A64BEB5008F219C /* Build configuration list for PBXNativeTarget "Scrumdinger" */ = {
			isa = XCConfigurationList;
			buildConfigurations = (
				BA44A2412A64BEB5008F219C /* Debug */,
				BA44A2422A64BEB5008F219C /* Release */,
			);
			defaultConfigurationIsVisible = 0;
			defaultConfigurationName = Release;
		};
/* End XCConfigurationList section */
	};
	rootObject = BA44A22A2A64BE89008F219C /* Project object */;
}
